
Microsoft Visual Studio Solution File, Format Version 12.00
# Visual Studio Version 17
VisualStudioVersion = 17.2.32516.85
MinimumVisualStudioVersion = 10.0.40219.1
Project("{FAE04EC0-301F-11D3-BF4B-00C04F79EFBC}") = "phone_book", "phone_book\phone_book.csproj", "{1664E411-10B2-412A-8D33-CDB828BCBBB1}"
EndProject
Global
	GlobalSection(SolutionConfigurationPlatforms) = preSolution
		Debug|Any CPU = Debug|Any CPU
		Release|Any CPU = Release|Any CPU
	EndGlobalSection
	GlobalSection(ProjectConfigurationPlatforms) = postSolution
		{1664E411-10B2-412A-8D33-CDB828BCBBB1}.Debug|Any CPU.ActiveCfg = Debug|Any CPU
		{1664E411-10B2-412A-8D33-CDB828BCBBB1}.Debug|Any CPU.Build.0 = Debug|Any CPU
		{1664E411-10B2-412A-8D33-CDB828BCBBB1}.Release|Any CPU.ActiveCfg = Release|Any CPU
		{1664E411-10B2-412A-8D33-CDB828BCBBB1}.Release|Any CPU.Build.0 = Release|Any CPU
	EndGlobalSection
	GlobalSection(SolutionProperties) = preSolution
		HideSolutionNode = FALSE
	EndGlobalSection
	GlobalSection(ExtensibilityGlobals) = postSolution
		SolutionGuid = {36365747-261F-4ED4-8FE6-35FDEA79A714}
	EndGlobalSection
EndGlobal
